
Microsoft Visual Studio Solution File, Format Version 12.00
# Visual Studio 2012
Project("{FAE04EC0-301F-11D3-BF4B-00C04F79EFBC}") = "NativeCode.BitBucket", "NativeCode.BitBucket\NativeCode.BitBucket.csproj", "{942746DF-5596-43B2-963A-9BB93FA827B1}"
EndProject
Project("{FAE04EC0-301F-11D3-BF4B-00C04F79EFBC}") = "NativeCode.BitBucket.Tests", "NativeCode.BitBucket.Tests\NativeCode.BitBucket.Tests.csproj", "{ACE35853-9F42-488B-B7F6-7CCA07408C03}"
EndProject
Global
	GlobalSection(SolutionConfigurationPlatforms) = preSolution
		Debug|Any CPU = Debug|Any CPU
		Release|Any CPU = Release|Any CPU
	EndGlobalSection
	GlobalSection(ProjectConfigurationPlatforms) = postSolution
		{942746DF-5596-43B2-963A-9BB93FA827B1}.Debug|Any CPU.ActiveCfg = Debug|Any CPU
		{942746DF-5596-43B2-963A-9BB93FA827B1}.Debug|Any CPU.Build.0 = Debug|Any CPU
		{942746DF-5596-43B2-963A-9BB93FA827B1}.Release|Any CPU.ActiveCfg = Release|Any CPU
		{942746DF-5596-43B2-963A-9BB93FA827B1}.Release|Any CPU.Build.0 = Release|Any CPU
		{ACE35853-9F42-488B-B7F6-7CCA07408C03}.Debug|Any CPU.ActiveCfg = Debug|Any CPU
		{ACE35853-9F42-488B-B7F6-7CCA07408C03}.Debug|Any CPU.Build.0 = Debug|Any CPU
		{ACE35853-9F42-488B-B7F6-7CCA07408C03}.Release|Any CPU.ActiveCfg = Release|Any CPU
		{ACE35853-9F42-488B-B7F6-7CCA07408C03}.Release|Any CPU.Build.0 = Release|Any CPU
	EndGlobalSection
EndGlobal
